
Microsoft Visual Studio Solution File, Format Version 12.00
# Visual Studio Version 16
VisualStudioVersion = 16.0.30309.148
MinimumVisualStudioVersion = 10.0.40219.1
Project("{8BC9CEB8-8B4A-11D0-8D11-00A0C91BC942}") = "SMTP", "SMTP\SMTP.vcxproj", "{D5F4238D-BDFD-4ABC-9BB2-784C030F2CBE}"
EndProject
Global
	GlobalSection(SolutionConfigurationPlatforms) = preSolution
		Debug|x64 = Debug|x64
		Debug|x86 = Debug|x86
		Release|x64 = Release|x64
		Release|x86 = Release|x86
	EndGlobalSection
	GlobalSection(ProjectConfigurationPlatforms) = postSolution
		{D5F4238D-BDFD-4ABC-9BB2-784C030F2CBE}.Debug|x64.ActiveCfg = Debug|x64
		{D5F4238D-BDFD-4ABC-9BB2-784C030F2CBE}.Debug|x64.Build.0 = Debug|x64
		{D5F4238D-BDFD-4ABC-9BB2-784C030F2CBE}.Debug|x86.ActiveCfg = Debug|Win32
		{D5F4238D-BDFD-4ABC-9BB2-784C030F2CBE}.Debug|x86.Build.0 = Debug|Win32
		{D5F4238D-BDFD-4ABC-9BB2-784C030F2CBE}.Release|x64.ActiveCfg = Release|x64
		{D5F4238D-BDFD-4ABC-9BB2-784C030F2CBE}.Release|x64.Build.0 = Release|x64
		{D5F4238D-BDFD-4ABC-9BB2-784C030F2CBE}.Release|x86.ActiveCfg = Release|Win32
		{D5F4238D-BDFD-4ABC-9BB2-784C030F2CBE}.Release|x86.Build.0 = Release|Win32
	EndGlobalSection
	GlobalSection(SolutionProperties) = preSolution
		HideSolutionNode = FALSE
	EndGlobalSection
	GlobalSection(ExtensibilityGlobals) = postSolution
		SolutionGuid = {C5A42FCD-59D4-4AD8-9BEB-43E5B9B8CF74}
	EndGlobalSection
EndGlobal
